
Microsoft Visual Studio Solution File, Format Version 12.00
# Visual Studio Version 16
VisualStudioVersion = 16.0.33328.57
MinimumVisualStudioVersion = 10.0.40219.1
Project("{FAE04EC0-301F-11D3-BF4B-00C04F79EFBC}") = "Midterm", "Midterm\Midterm.csproj", "{CA839A3B-0F94-4738-BDA3-EE7E1FE9FA12}"
EndProject
Global
	GlobalSection(SolutionConfigurationPlatforms) = preSolution
		Debug|Any CPU = Debug|Any CPU
		Release|Any CPU = Release|Any CPU
	EndGlobalSection
	GlobalSection(ProjectConfigurationPlatforms) = postSolution
		{CA839A3B-0F94-4738-BDA3-EE7E1FE9FA12}.Debug|Any CPU.ActiveCfg = Debug|Any CPU
		{CA839A3B-0F94-4738-BDA3-EE7E1FE9FA12}.Debug|Any CPU.Build.0 = Debug|Any CPU
		{CA839A3B-0F94-4738-BDA3-EE7E1FE9FA12}.Release|Any CPU.ActiveCfg = Release|Any CPU
		{CA839A3B-0F94-4738-BDA3-EE7E1FE9FA12}.Release|Any CPU.Build.0 = Release|Any CPU
	EndGlobalSection
	GlobalSection(SolutionProperties) = preSolution
		HideSolutionNode = FALSE
	EndGlobalSection
	GlobalSection(ExtensibilityGlobals) = postSolution
		SolutionGuid = {1603CFAA-9A75-4804-BCD0-E95C9E57F004}
	EndGlobalSection
EndGlobal
